
Microsoft Visual Studio Solution File, Format Version 12.00
# Visual Studio Express 14 for Windows Desktop
VisualStudioVersion = 14.0.25420.1
MinimumVisualStudioVersion = 10.0.40219.1
Project("{FAE04EC0-301F-11D3-BF4B-00C04F79EFBC}") = "SqlSelectDataOutputExcel", "SqlSelectDataOutputExcel\SqlSelectDataOutputExcel.csproj", "{C5D7EB8F-BD1F-4425-9C91-E349E9547FDF}"
EndProject
Project("{FAE04EC0-301F-11D3-BF4B-00C04F79EFBC}") = "SqlSelectDataOutputExcelTests", "SqlSelectDataOutputExcelTests\SqlSelectDataOutputExcelTests.csproj", "{9C8434CB-F785-455D-81EC-F629BDC7C8F1}"
EndProject
Global
	GlobalSection(SolutionConfigurationPlatforms) = preSolution
		Debug|Any CPU = Debug|Any CPU
		Release|Any CPU = Release|Any CPU
	EndGlobalSection
	GlobalSection(ProjectConfigurationPlatforms) = postSolution
		{C5D7EB8F-BD1F-4425-9C91-E349E9547FDF}.Debug|Any CPU.ActiveCfg = Debug|Any CPU
		{C5D7EB8F-BD1F-4425-9C91-E349E9547FDF}.Debug|Any CPU.Build.0 = Debug|Any CPU
		{C5D7EB8F-BD1F-4425-9C91-E349E9547FDF}.Release|Any CPU.ActiveCfg = Release|Any CPU
		{C5D7EB8F-BD1F-4425-9C91-E349E9547FDF}.Release|Any CPU.Build.0 = Release|Any CPU
		{9C8434CB-F785-455D-81EC-F629BDC7C8F1}.Debug|Any CPU.ActiveCfg = Debug|Any CPU
		{9C8434CB-F785-455D-81EC-F629BDC7C8F1}.Debug|Any CPU.Build.0 = Debug|Any CPU
		{9C8434CB-F785-455D-81EC-F629BDC7C8F1}.Release|Any CPU.ActiveCfg = Release|Any CPU
		{9C8434CB-F785-455D-81EC-F629BDC7C8F1}.Release|Any CPU.Build.0 = Release|Any CPU
	EndGlobalSection
	GlobalSection(SolutionProperties) = preSolution
		HideSolutionNode = FALSE
	EndGlobalSection
EndGlobal
